
Microsoft Visual Studio Solution File, Format Version 12.00
# Visual Studio 15
VisualStudioVersion = 15.0.28307.572
MinimumVisualStudioVersion = 10.0.40219.1
Project("{FAE04EC0-301F-11D3-BF4B-00C04F79EFBC}") = "WorkString", "WorkString\WorkString.csproj", "{0D188DFE-D1AA-439B-9D63-4A5714CB4129}"
EndProject
Global
	GlobalSection(SolutionConfigurationPlatforms) = preSolution
		Debug|Any CPU = Debug|Any CPU
		Release|Any CPU = Release|Any CPU
	EndGlobalSection
	GlobalSection(ProjectConfigurationPlatforms) = postSolution
		{0D188DFE-D1AA-439B-9D63-4A5714CB4129}.Debug|Any CPU.ActiveCfg = Debug|Any CPU
		{0D188DFE-D1AA-439B-9D63-4A5714CB4129}.Debug|Any CPU.Build.0 = Debug|Any CPU
		{0D188DFE-D1AA-439B-9D63-4A5714CB4129}.Release|Any CPU.ActiveCfg = Release|Any CPU
		{0D188DFE-D1AA-439B-9D63-4A5714CB4129}.Release|Any CPU.Build.0 = Release|Any CPU
	EndGlobalSection
	GlobalSection(SolutionProperties) = preSolution
		HideSolutionNode = FALSE
	EndGlobalSection
	GlobalSection(ExtensibilityGlobals) = postSolution
		SolutionGuid = {0A0C131A-5A0A-430E-89B1-E96A05A9DA4A}
	EndGlobalSection
EndGlobal
